uuid: 81b01e1c-f78a-4f9b-a527-e657873fbc6c
langcode: en-gb
status: false
dependencies:
  module:
    - search
active_version: 66936558a0932f6b
versioned_properties:
  active:
    settings:
      default_settings:
        id: search_form_block
        label: 'Search form'
        label_display: '0'
        provider: search
        page_id: null
    fallback_metadata:
      slot_definitions: null
label: 'Search form'
id: block.search_form_block
provider: search
source: block
source_local_id: search_form_block
